
Microsoft Visual Studio Solution File, Format Version 12.00
# Visual Studio Version 16
VisualStudioVersion = 16.0.31129.286
MinimumVisualStudioVersion = 10.0.40219.1
Project("{FAE04EC0-301F-11D3-BF4B-00C04F79EFBC}") = "Homework", "Homework\Homework.csproj", "{552CC79D-58F2-4CD6-9325-BC07AD167C6B}"
EndProject
Project("{FAE04EC0-301F-11D3-BF4B-00C04F79EFBC}") = "Entities", "Entities\Entities.csproj", "{DA886858-68E8-4690-8062-EF7D99977F2A}"
EndProject
Global
	GlobalSection(SolutionConfigurationPlatforms) = preSolution
		Debug|Any CPU = Debug|Any CPU
		Release|Any CPU = Release|Any CPU
	EndGlobalSection
	GlobalSection(ProjectConfigurationPlatforms) = postSolution
		{552CC79D-58F2-4CD6-9325-BC07AD167C6B}.Debug|Any CPU.ActiveCfg = Debug|Any CPU
		{552CC79D-58F2-4CD6-9325-BC07AD167C6B}.Debug|Any CPU.Build.0 = Debug|Any CPU
		{552CC79D-58F2-4CD6-9325-BC07AD167C6B}.Release|Any CPU.ActiveCfg = Release|Any CPU
		{552CC79D-58F2-4CD6-9325-BC07AD167C6B}.Release|Any CPU.Build.0 = Release|Any CPU
		{DA886858-68E8-4690-8062-EF7D99977F2A}.Debug|Any CPU.ActiveCfg = Debug|Any CPU
		{DA886858-68E8-4690-8062-EF7D99977F2A}.Debug|Any CPU.Build.0 = Debug|Any CPU
		{DA886858-68E8-4690-8062-EF7D99977F2A}.Release|Any CPU.ActiveCfg = Release|Any CPU
		{DA886858-68E8-4690-8062-EF7D99977F2A}.Release|Any CPU.Build.0 = Release|Any CPU
	EndGlobalSection
	GlobalSection(SolutionProperties) = preSolution
		HideSolutionNode = FALSE
	EndGlobalSection
	GlobalSection(ExtensibilityGlobals) = postSolution
		SolutionGuid = {D1326D4B-68A7-48DE-8071-41161FA10B5B}
	EndGlobalSection
EndGlobal
